
Microsoft Visual Studio Solution File, Format Version 12.00
# Visual Studio Version 16
VisualStudioVersion = 16.0.33027.164
MinimumVisualStudioVersion = 10.0.40219.1
Project("{FAE04EC0-301F-11D3-BF4B-00C04F79EFBC}") = "EmployeeRegForm1", "EmployeeRegForm1\EmployeeRegForm1.csproj", "{7F5B5095-C2C8-4687-B299-57DBCF5F0E3A}"
EndProject
Global
	GlobalSection(SolutionConfigurationPlatforms) = preSolution
		Debug|Any CPU = Debug|Any CPU
		Release|Any CPU = Release|Any CPU
	EndGlobalSection
	GlobalSection(ProjectConfigurationPlatforms) = postSolution
		{7F5B5095-C2C8-4687-B299-57DBCF5F0E3A}.Debug|Any CPU.ActiveCfg = Debug|Any CPU
		{7F5B5095-C2C8-4687-B299-57DBCF5F0E3A}.Debug|Any CPU.Build.0 = Debug|Any CPU
		{7F5B5095-C2C8-4687-B299-57DBCF5F0E3A}.Release|Any CPU.ActiveCfg = Release|Any CPU
		{7F5B5095-C2C8-4687-B299-57DBCF5F0E3A}.Release|Any CPU.Build.0 = Release|Any CPU
	EndGlobalSection
	GlobalSection(SolutionProperties) = preSolution
		HideSolutionNode = FALSE
	EndGlobalSection
	GlobalSection(ExtensibilityGlobals) = postSolution
		SolutionGuid = {CACDB940-BF55-444F-A4C5-CFD44EF6F190}
	EndGlobalSection
EndGlobal
